// !$*UTF8*$!
{
	archiveVersion = 1;
	classes = {
	};
	objectVersion = 56;
	objects = {

/* Begin PBXBuildFile section */
		6116E0982B34257400885AF2 /* SecretSantaAppApp.swift in Sources */ = {isa = PBXBuildFile; fileRef = 6116E0972B34257400885AF2 /* SecretSantaAppApp.swift */; };
		6116E09A2B34257400885AF2 /* ContentView.swift in Sources */ = {isa = PBXBuildFile; fileRef = 6116E0992B34257400885AF2 /* ContentView.swift */; };
		6116E09C2B34257600885AF2 /* Assets.xcassets in Resources */ = {isa = PBXBuildFile; fileRef = 6116E09B2B34257600885AF2 /* Assets.xcassets */; };
		6116E09F2B34257600885AF2 /* Preview Assets.xcassets in Resources */ = {isa = PBXBuildFile; fileRef = 6116E09E2B34257600885AF2 /* Preview Assets.xcassets */; };
		6116E0A92B34257600885AF2 /* SecretSantaAppTests.swift in Sources */ = {isa = PBXBuildFile; fileRef = 6116E0A82B34257600885AF2 /* SecretSantaAppTests.swift */; };
		6116E0B32B34257600885AF2 /* SecretSantaAppUITests.swift in Sources */ = {isa = PBXBuildFile; fileRef = 6116E0B22B34257600885AF2 /* SecretSantaAppUITests.swift */; };
		6116E0B52B34257600885AF2 /* SecretSantaAppUITestsLaunchTests.swift in Sources */ = {isa = PBXBuildFile; fileRef = 6116E0B42B34257600885AF2 /* SecretSantaAppUITestsLaunchTests.swift */; };
		6116E0C32B3456C900885AF2 /* String.swift in Sources */ = {isa = PBXBuildFile; fileRef = 6116E0C22B3456C900885AF2 /* String.swift */; };
/* End PBXBuildFile section */

/* Begin PBXContainerItemProxy section */
		6116E0A52B34257600885AF2 /* PBXContainerItemProxy */ = {
			isa = PBXContainerItemProxy;
			containerPortal = 6116E08C2B34257400885AF2 /* Project object */;
			proxyType = 1;
			remoteGlobalIDString = 6116E0932B34257400885AF2;
			remoteInfo = SecretSantaApp;
		};
		6116E0AF2B34257600885AF2 /* PBXContainerItemProxy */ = {
			isa = PBXContainerItemProxy;
			containerPortal = 6116E08C2B34257400885AF2 /* Project object */;
			proxyType = 1;
			remoteGlobalIDString = 6116E0932B34257400885AF2;
			remoteInfo = SecretSantaApp;
		};
/* End PBXContainerItemProxy section */

/* Begin PBXFileReference section */
		6116E0942B34257400885AF2 /* SecretSantaApp.app */ = {isa = PBXFileReference; explicitFileType = wrapper.application; includeInIndex = 0; path = SecretSantaApp.app; sourceTree = BUILT_PRODUCTS_DIR; };
		6116E0972B34257400885AF2 /* SecretSantaAppApp.swift */ = {isa = PBXFileReference; lastKnownFileType = sourcecode.swift; path = SecretSantaAppApp.swift; sourceTree = "<group>"; };
		6116E0992B34257400885AF2 /* ContentView.swift */ = {isa = PBXFileReference; lastKnownFileType = sourcecode.swift; path = ContentView.swift; sourceTree = "<group>"; };
		6116E09B2B34257600885AF2 /* Assets.xcassets */ = {isa = PBXFileReference; lastKnownFileType = folder.assetcatalog; path = Assets.xcassets; sourceTree = "<group>"; };
		6116E09E2B34257600885AF2 /* Preview Assets.xcassets */ = {isa = PBXFileReference; lastKnownFileType = folder.assetcatalog; path = "Preview Assets.xcassets"; sourceTree = "<group>"; };
		6116E0A42B34257600885AF2 /* SecretSantaAppTests.xctest */ = {isa = PBXFileReference; explicitFileType = wrapper.cfbundle; includeInIndex = 0; path = SecretSantaAppTests.xctest; sourceTree = BUILT_PRODUCTS_DIR; };
		6116E0A82B34257600885AF2 /* SecretSantaAppTests.swift */ = {isa = PBXFileReference; lastKnownFileType = sourcecode.swift; path = SecretSantaAppTests.swift; sourceTree = "<group>"; };
		6116E0AE2B34257600885AF2 /* SecretSantaAppUITests.xctest */ = {isa = PBXFileReference; explicitFileType = wrapper.cfbundle; includeInIndex = 0; path = SecretSantaAppUITests.xctest; sourceTree = BUILT_PRODUCTS_DIR; };
		6116E0B22B34257600885AF2 /* SecretSantaAppUITests.swift */ = {isa = PBXFileReference; lastKnownFileType = sourcecode.swift; path = SecretSantaAppUITests.swift; sourceTree = "<group>"; };
		6116E0B42B34257600885AF2 /* SecretSantaAppUITestsLaunchTests.swift */ = {isa = PBXFileReference; lastKnownFileType = sourcecode.swift; path = SecretSantaAppUITestsLaunchTests.swift; sourceTree = "<group>"; };
		6116E0C22B3456C900885AF2 /* String.swift */ = {isa = PBXFileReference; lastKnownFileType = sourcecode.swift; path = String.swift; sourceTree = "<group>"; };
/* End PBXFileReference section */

/* Begin PBXFrameworksBuildPhase section */
		6116E0912B34257400885AF2 /* Frameworks */ = {
			isa = PBXFrameworksBuildPhase;
			buildActionMask = 2147483647;
			files = (
			);
			runOnlyForDeploymentPostprocessing = 0;
		};
		6116E0A12B34257600885AF2 /* Frameworks */ = {
			isa = PBXFrameworksBuildPhase;
			buildActionMask = 2147483647;
			files = (
			);
			runOnlyForDeploymentPostprocessing = 0;
		};
		6116E0AB2B34257600885AF2 /* Frameworks */ = {
			isa = PBXFrameworksBuildPhase;
			buildActionMask = 2147483647;
			files = (
			);
			runOnlyForDeploymentPostprocessing = 0;
		};
/* End PBXFrameworksBuildPhase section */

/* Begin PBXGroup section */
		6116E08B2B34257400885AF2 = {
			isa = PBXGroup;
			children = (
				6116E0962B34257400885AF2 /* SecretSantaApp */,
				6116E0A72B34257600885AF2 /* SecretSantaAppTests */,
				6116E0B12B34257600885AF2 /* SecretSantaAppUITests */,
				6116E0952B34257400885AF2 /* Products */,
			);
			sourceTree = "<group>";
		};
		6116E0952B34257400885AF2 /* Products */ = {
			isa = PBXGroup;
			children = (
				6116E0942B34257400885AF2 /* SecretSantaApp.app */,
				6116E0A42B34257600885AF2 /* SecretSantaAppTests.xctest */,
				6116E0AE2B34257600885AF2 /* SecretSantaAppUITests.xctest */,
			);
			name = Products;
			sourceTree = "<group>";
		};
		6116E0962B34257400885AF2 /* SecretSantaApp */ = {
			isa = PBXGroup;
			children = (
				6116E0C12B3456B700885AF2 /* Extensions */,
				6116E0972B34257400885AF2 /* SecretSantaAppApp.swift */,
				6116E0992B34257400885AF2 /* ContentView.swift */,
				6116E09B2B34257600885AF2 /* Assets.xcassets */,
				6116E09D2B34257600885AF2 /* Preview Content */,
			);
			path = SecretSantaApp;
			sourceTree = "<group>";
		};
		6116E09D2B34257600885AF2 /* Preview Content */ = {
			isa = PBXGroup;
			children = (
				6116E09E2B34257600885AF2 /* Preview Assets.xcassets */,
			);
			path = "Preview Content";
			sourceTree = "<group>";
		};
		6116E0A72B34257600885AF2 /* SecretSantaAppTests */ = {
			isa = PBXGroup;
			children = (
				6116E0A82B34257600885AF2 /* SecretSantaAppTests.swift */,
			);
			path = SecretSantaAppTests;
			sourceTree = "<group>";
		};
		6116E0B12B34257600885AF2 /* SecretSantaAppUITests */ = {
			isa = PBXGroup;
			children = (
				6116E0B22B34257600885AF2 /* SecretSantaAppUITests.swift */,
				6116E0B42B34257600885AF2 /* SecretSantaAppUITestsLaunchTests.swift */,
			);
			path = SecretSantaAppUITests;
			sourceTree = "<group>";
		};
		6116E0C12B3456B700885AF2 /* Extensions */ = {
			isa = PBXGroup;
			children = (
				6116E0C22B3456C900885AF2 /* String.swift */,
			);
			path = Extensions;
			sourceTree = "<group>";
		};
/* End PBXGroup section */

/* Begin PBXNativeTarget section */
		6116E0932B34257400885AF2 /* SecretSantaApp */ = {
			isa = PBXNativeTarget;
			buildConfigurationList = 6116E0B82B34257600885AF2 /* Build configuration list for PBXNativeTarget "SecretSantaApp" */;
			buildPhases = (
				6116E0902B34257400885AF2 /* Sources */,
				6116E0912B34257400885AF2 /* Frameworks */,
				6116E0922B34257400885AF2 /* Resources */,
			);
			buildRules = (
			);
			dependencies = (
			);
			name = SecretSantaApp;
			productName = SecretSantaApp;
			productReference = 6116E0942B34257400885AF2 /* SecretSantaApp.app */;
			productType = "com.apple.product-type.application";
		};
		6116E0A32B34257600885AF2 /* SecretSantaAppTests */ = {
			isa = PBXNativeTarget;
			buildConfigurationList = 6116E0BB2B34257600885AF2 /* Build configuration list for PBXNativeTarget "SecretSantaAppTests" */;
			buildPhases = (
				6116E0A02B34257600885AF2 /* Sources */,
				6116E0A12B34257600885AF2 /* Frameworks */,
				6116E0A22B34257600885AF2 /* Resources */,
			);
			buildRules = (
			);
			dependencies = (
				6116E0A62B34257600885AF2 /* PBXTargetDependency */,
			);
			name = SecretSantaAppTests;
			productName = SecretSantaAppTests;
			productReference = 6116E0A42B34257600885AF2 /* SecretSantaAppTests.xctest */;
			productType = "com.apple.product-type.bundle.unit-test";
		};
		6116E0AD2B34257600885AF2 /* SecretSantaAppUITests */ = {
			isa = PBXNativeTarget;
			buildConfigurationList = 6116E0BE2B34257600885AF2 /* Build configuration list for PBXNativeTarget "SecretSantaAppUITests" */;
			buildPhases = (
				6116E0AA2B34257600885AF2 /* Sources */,
				6116E0AB2B34257600885AF2 /* Frameworks */,
				6116E0AC2B34257600885AF2 /* Resources */,
			);
			buildRules = (
			);
			dependencies = (
				6116E0B02B34257600885AF2 /* PBXTargetDependency */,
			);
			name = SecretSantaAppUITests;
			productName = SecretSantaAppUITests;
			productReference = 6116E0AE2B34257600885AF2 /* SecretSantaAppUITests.xctest */;
			productType = "com.apple.product-type.bundle.ui-testing";
		};
/* End PBXNativeTarget section */

/* Begin PBXProject section */
		6116E08C2B34257400885AF2 /* Project object */ = {
			isa = PBXProject;
			attributes = {
				BuildIndependentTargetsInParallel = 1;
				LastSwiftUpdateCheck = 1420;
				LastUpgradeCheck = 1420;
				TargetAttributes = {
					6116E0932B34257400885AF2 = {
						CreatedOnToolsVersion = 14.2;
					};
					6116E0A32B34257600885AF2 = {
						CreatedOnToolsVersion = 14.2;
						TestTargetID = 6116E0932B34257400885AF2;
					};
					6116E0AD2B34257600885AF2 = {
						CreatedOnToolsVersion = 14.2;
						TestTargetID = 6116E0932B34257400885AF2;
					};
				};
			};
			buildConfigurationList = 6116E08F2B34257400885AF2 /* Build configuration list for PBXProject "SecretSantaApp" */;
			compatibilityVersion = "Xcode 14.0";
			developmentRegion = en;
			hasScannedForEncodings = 0;
			knownRegions = (
				en,
				Base,
			);
			mainGroup = 6116E08B2B34257400885AF2;
			productRefGroup = 6116E0952B34257400885AF2 /* Products */;
			projectDirPath = "";
			projectRoot = "";
			targets = (
				6116E0932B34257400885AF2 /* SecretSantaApp */,
				6116E0A32B34257600885AF2 /* SecretSantaAppTests */,
				6116E0AD2B34257600885AF2 /* SecretSantaAppUITests */,
			);
		};
/* End PBXProject section */

/* Begin PBXResourcesBuildPhase section */
		6116E0922B34257400885AF2 /* Resources */ = {
			isa = PBXResourcesBuildPhase;
			buildActionMask = 2147483647;
			files = (
				6116E09F2B34257600885AF2 /* Preview Assets.xcassets in Resources */,
				6116E09C2B34257600885AF2 /* Assets.xcassets in Resources */,
			);
			runOnlyForDeploymentPostprocessing = 0;
		};
		6116E0A22B34257600885AF2 /* Resources */ = {
			isa = PBXResourcesBuildPhase;
			buildActionMask = 2147483647;
			files = (
			);
			runOnlyForDeploymentPostprocessing = 0;
		};
		6116E0AC2B34257600885AF2 /* Resources */ = {
			isa = PBXResourcesBuildPhase;
			buildActionMask = 2147483647;
			files = (
			);
			runOnlyForDeploymentPostprocessing = 0;
		};
/* End PBXResourcesBuildPhase section */

/* Begin PBXSourcesBuildPhase section */
		6116E0902B34257400885AF2 /* Sources */ = {
			isa = PBXSourcesBuildPhase;
			buildActionMask = 2147483647;
			files = (
				6116E0C32B3456C900885AF2 /* String.swift in Sources */,
				6116E09A2B34257400885AF2 /* ContentView.swift in Sources */,
				6116E0982B34257400885AF2 /* SecretSantaAppApp.swift in Sources */,
			);
			runOnlyForDeploymentPostprocessing = 0;
		};
		6116E0A02B34257600885AF2 /* Sources */ = {
			isa = PBXSourcesBuildPhase;
			buildActionMask = 2147483647;
			files = (
				6116E0A92B34257600885AF2 /* SecretSantaAppTests.swift in Sources */,
			);
			runOnlyForDeploymentPostprocessing = 0;
		};
		6116E0AA2B34257600885AF2 /* Sources */ = {
			isa = PBXSourcesBuildPhase;
			buildActionMask = 2147483647;
			files = (
				6116E0B52B34257600885AF2 /* SecretSantaAppUITestsLaunchTests.swift in Sources */,
				6116E0B32B34257600885AF2 /* SecretSantaAppUITests.swift in Sources */,
			);
			runOnlyForDeploymentPostprocessing = 0;
		};
/* End PBXSourcesBuildPhase section */

/* Begin PBXTargetDependency section */
		6116E0A62B34257600885AF2 /* PBXTargetDependency */ = {
			isa = PBXTargetDependency;
			target = 6116E0932B34257400885AF2 /* SecretSantaApp */;
			targetProxy = 6116E0A52B34257600885AF2 /* PBXContainerItemProxy */;
		};
		6116E0B02B34257600885AF2 /* PBXTargetDependency */ = {
			isa = PBXTargetDependency;
			target = 6116E0932B34257400885AF2 /* SecretSantaApp */;
			targetProxy = 6116E0AF2B34257600885AF2 /* PBXContainerItemProxy */;
		};
/* End PBXTargetDependency section */

/* Begin XCBuildConfiguration section */
		6116E0B62B34257600885AF2 /* Debug */ = {
			isa = XCBuildConfiguration;
			buildSettings = {
				ALWAYS_SEARCH_USER_PATHS = NO;
				CLANG_ANALYZER_NONNULL = YES;
				CLANG_ANALYZER_NUMBER_OBJECT_CONVERSION = YES_AGGRESSIVE;
				CLANG_CXX_LANGUAGE_STANDARD = "gnu++20";
				CLANG_ENABLE_MODULES = YES;
				CLANG_ENABLE_OBJC_ARC = YES;
				CLANG_ENABLE_OBJC_WEAK = YES;
				CLANG_WARN_BLOCK_CAPTURE_AUTORELEASING = YES;
				CLANG_WARN_BOOL_CONVERSION = YES;
				CLANG_WARN_COMMA = YES;
				CLANG_WARN_CONSTANT_CONVERSION = YES;
				CLANG_WARN_DEPRECATED_OBJC_IMPLEMENTATIONS = YES;
				CLANG_WARN_DIRECT_OBJC_ISA_USAGE = YES_ERROR;
				CLANG_WARN_DOCUMENTATION_COMMENTS = YES;
				CLANG_WARN_EMPTY_BODY = YES;
				CLANG_WARN_ENUM_CONVERSION = YES;
				CLANG_WARN_INFINITE_RECURSION = YES;
				CLANG_WARN_INT_CONVERSION = YES;
				CLANG_WARN_NON_LITERAL_NULL_CONVERSION = YES;
				CLANG_WARN_OBJC_IMPLICIT_RETAIN_SELF = YES;
				CLANG_WARN_OBJC_LITERAL_CONVERSION = YES;
				CLANG_WARN_OBJC_ROOT_CLASS = YES_ERROR;
				CLANG_WARN_QUOTED_INCLUDE_IN_FRAMEWORK_HEADER = YES;
				CLANG_WARN_RANGE_LOOP_ANALYSIS = YES;
				CLANG_WARN_STRICT_PROTOTYPES = YES;
				CLANG_WARN_SUSPICIOUS_MOVE = YES;
				CLANG_WARN_UNGUARDED_AVAILABILITY = YES_AGGRESSIVE;
				CLANG_WARN_UNREACHABLE_CODE = YES;
				CLANG_WARN__DUPLICATE_METHOD_MATCH = YES;
				COPY_PHASE_STRIP = NO;
				DEBUG_INFORMATION_FORMAT = dwarf;
				ENABLE_STRICT_OBJC_MSGSEND = YES;
				ENABLE_TESTABILITY = YES;
				GCC_C_LANGUAGE_STANDARD = gnu11;
				GCC_DYNAMIC_NO_PIC = NO;
				GCC_NO_COMMON_BLOCKS = YES;
				GCC_OPTIMIZATION_LEVEL = 0;
				GCC_PREPROCESSOR_DEFINITIONS = (
					"DEBUG=1",
					"$(inherited)",
				);
				GCC_WARN_64_TO_32_BIT_CONVERSION = YES;
				GCC_WARN_ABOUT_RETURN_TYPE = YES_ERROR;
				GCC_WARN_UNDECLARED_SELECTOR = YES;
				GCC_WARN_UNINITIALIZED_AUTOS = YES_AGGRESSIVE;
				GCC_WARN_UNUSED_FUNCTION = YES;
				GCC_WARN_UNUSED_VARIABLE = YES;
				IPHONEOS_DEPLOYMENT_TARGET = 16.2;
				MTL_ENABLE_DEBUG_INFO = INCLUDE_SOURCE;
				MTL_FAST_MATH = YES;
				ONLY_ACTIVE_ARCH = YES;
				SDKROOT = iphoneos;
				SWIFT_ACTIVE_COMPILATION_CONDITIONS = DEBUG;
				SWIFT_OPTIMIZATION_LEVEL = "-Onone";
			};
			name = Debug;
		};
		6116E0B72B34257600885AF2 /* Release */ = {
			isa = XCBuildConfiguration;
			buildSettings = {
				ALWAYS_SEARCH_USER_PATHS = NO;
				CLANG_ANALYZER_NONNULL = YES;
				CLANG_ANALYZER_NUMBER_OBJECT_CONVERSION = YES_AGGRESSIVE;
				CLANG_CXX_LANGUAGE_STANDARD = "gnu++20";
				CLANG_ENABLE_MODULES = YES;
				CLANG_ENABLE_OBJC_ARC = YES;
				CLANG_ENABLE_OBJC_WEAK = YES;
				CLANG_WARN_BLOCK_CAPTURE_AUTORELEASING = YES;
				CLANG_WARN_BOOL_CONVERSION = YES;
				CLANG_WARN_COMMA = YES;
				CLANG_WARN_CONSTANT_CONVERSION = YES;
				CLANG_WARN_DEPRECATED_OBJC_IMPLEMENTATIONS = YES;
				CLANG_WARN_DIRECT_OBJC_ISA_USAGE = YES_ERROR;
				CLANG_WARN_DOCUMENTATION_COMMENTS = YES;
				CLANG_WARN_EMPTY_BODY = YES;
				CLANG_WARN_ENUM_CONVERSION = YES;
				CLANG_WARN_INFINITE_RECURSION = YES;
				CLANG_WARN_INT_CONVERSION = YES;
				CLANG_WARN_NON_LITERAL_NULL_CONVERSION = YES;
				CLANG_WARN_OBJC_IMPLICIT_RETAIN_SELF = YES;
				CLANG_WARN_OBJC_LITERAL_CONVERSION = YES;
				CLANG_WARN_OBJC_ROOT_CLASS = YES_ERROR;
				CLANG_WARN_QUOTED_INCLUDE_IN_FRAMEWORK_HEADER = YES;
				CLANG_WARN_RANGE_LOOP_ANALYSIS = YES;
				CLANG_WARN_STRICT_PROTOTYPES = YES;
				CLANG_WARN_SUSPICIOUS_MOVE = YES;
				CLANG_WARN_UNGUARDED_AVAILABILITY = YES_AGGRESSIVE;
				CLANG_WARN_UNREACHABLE_CODE = YES;
				CLANG_WARN__DUPLICATE_METHOD_MATCH = YES;
				COPY_PHASE_STRIP = NO;
				DEBUG_INFORMATION_FORMAT = "dwarf-with-dsym";
				ENABLE_NS_ASSERTIONS = NO;
				ENABLE_STRICT_OBJC_MSGSEND = YES;
				GCC_C_LANGUAGE_STANDARD = gnu11;
				GCC_NO_COMMON_BLOCKS = YES;
				GCC_WARN_64_TO_32_BIT_CONVERSION = YES;
				GCC_WARN_ABOUT_RETURN_TYPE = YES_ERROR;
				GCC_WARN_UNDECLARED_SELECTOR = YES;
				GCC_WARN_UNINITIALIZED_AUTOS = YES_AGGRESSIVE;
				GCC_WARN_UNUSED_FUNCTION = YES;
				GCC_WARN_UNUSED_VARIABLE = YES;
				IPHONEOS_DEPLOYMENT_TARGET = 16.2;
				MTL_ENABLE_DEBUG_INFO = NO;
				MTL_FAST_MATH = YES;
				SDKROOT = iphoneos;
				SWIFT_COMPILATION_MODE = wholemodule;
				SWIFT_OPTIMIZATION_LEVEL = "-O";
				VALIDATE_PRODUCT = YES;
			};
			name = Release;
		};
		6116E0B92B34257600885AF2 /* Debug */ = {
			isa = XCBuildConfiguration;
			buildSettings = {
				ASSETCATALOG_COMPILER_APPICON_NAME = AppIcon;
				ASSETCATALOG_COMPILER_GLOBAL_ACCENT_COLOR_NAME = AccentColor;
				CODE_SIGN_STYLE = Automatic;
				CURRENT_PROJECT_VERSION = 1;
				DEVELOPMENT_ASSET_PATHS = "\"SecretSantaApp/Preview Content\"";
				DEVELOPMENT_TEAM = 48KPFRBBCK;
				ENABLE_PREVIEWS = YES;
				GENERATE_INFOPLIST_FILE = YES;
				INFOPLIST_KEY_UIApplicationSceneManifest_Generation = YES;
				INFOPLIST_KEY_UIApplicationSupportsIndirectInputEvents = YES;
				INFOPLIST_KEY_UILaunchScreen_Generation = YES;
				INFOPLIST_KEY_UISupportedInterfaceOrientations_iPad = "UIInterfaceOrientationPortrait UIInterfaceOrientationPortraitUpsideDown UIInterfaceOrientationLandscapeLeft UIInterfaceOrientationLandscapeRight";
				INFOPLIST_KEY_UISupportedInterfaceOrientations_iPhone = "UIInterfaceOrientationPortrait UIInterfaceOrientationLandscapeLeft UIInterfaceOrientationLandscapeRight";
				IPHONEOS_DEPLOYMENT_TARGET = 16.0;
				LD_RUNPATH_SEARCH_PATHS = (
					"$(inherited)",
					"@executable_path/Frameworks",
				);
				MARKETING_VERSION = 1.0;
				PRODUCT_BUNDLE_IDENTIFIER = "alexey-shimchuk.SecretSantaApp";
				PRODUCT_NAME = "$(TARGET_NAME)";
				SWIFT_EMIT_LOC_STRINGS = YES;
				SWIFT_VERSION = 5.0;
				TARGETED_DEVICE_FAMILY = "1,2";
			};
			name = Debug;
		};
		6116E0BA2B34257600885AF2 /* Release */ = {
			isa = XCBuildConfiguration;
			buildSettings = {
				ASSETCATALOG_COMPILER_APPICON_NAME = AppIcon;
				ASSETCATALOG_COMPILER_GLOBAL_ACCENT_COLOR_NAME = AccentColor;
				CODE_SIGN_STYLE = Automatic;
				CURRENT_PROJECT_VERSION = 1;
				DEVELOPMENT_ASSET_PATHS = "\"SecretSantaApp/Preview Content\"";
				DEVELOPMENT_TEAM = 48KPFRBBCK;
				ENABLE_PREVIEWS = YES;
				GENERATE_INFOPLIST_FILE = YES;
				INFOPLIST_KEY_UIApplicationSceneManifest_Generation = YES;
				INFOPLIST_KEY_UIApplicationSupportsIndirectInputEvents = YES;
				INFOPLIST_KEY_UILaunchScreen_Generation = YES;
				INFOPLIST_KEY_UISupportedInterfaceOrientations_iPad = "UIInterfaceOrientationPortrait UIInterfaceOrientationPortraitUpsideDown UIInterfaceOrientationLandscapeLeft UIInterfaceOrientationLandscapeRight";
				INFOPLIST_KEY_UISupportedInterfaceOrientations_iPhone = "UIInterfaceOrientationPortrait UIInterfaceOrientationLandscapeLeft UIInterfaceOrientationLandscapeRight";
				IPHONEOS_DEPLOYMENT_TARGET = 16.0;
				LD_RUNPATH_SEARCH_PATHS = (
					"$(inherited)",
					"@executable_path/Frameworks",
				);
				MARKETING_VERSION = 1.0;
				PRODUCT_BUNDLE_IDENTIFIER = "alexey-shimchuk.SecretSantaApp";
				PRODUCT_NAME = "$(TARGET_NAME)";
				SWIFT_EMIT_LOC_STRINGS = YES;
				SWIFT_VERSION = 5.0;
				TARGETED_DEVICE_FAMILY = "1,2";
			};
			name = Release;
		};
		6116E0BC2B34257600885AF2 /* Debug */ = {
			isa = XCBuildConfiguration;
			buildSettings = {
				ALWAYS_EMBED_SWIFT_STANDARD_LIBRARIES = YES;
				BUNDLE_LOADER = "$(TEST_HOST)";
				CODE_SIGN_STYLE = Automatic;
				CURRENT_PROJECT_VERSION = 1;
				DEVELOPMENT_TEAM = 48KPFRBBCK;
				GENERATE_INFOPLIST_FILE = YES;
				IPHONEOS_DEPLOYMENT_TARGET = 16.2;
				MARKETING_VERSION = 1.0;
				PRODUCT_BUNDLE_IDENTIFIER = "alexey-shimchuk.SecretSantaAppTests";
				PRODUCT_NAME = "$(TARGET_NAME)";
				SWIFT_EMIT_LOC_STRINGS = NO;
				SWIFT_VERSION = 5.0;
				TARGETED_DEVICE_FAMILY = "1,2";
				TEST_HOST = "$(BUILT_PRODUCTS_DIR)/SecretSantaApp.app/$(BUNDLE_EXECUTABLE_FOLDER_PATH)/SecretSantaApp";
			};
			name = Debug;
		};
		6116E0BD2B34257600885AF2 /* Release */ = {
			isa = XCBuildConfiguration;
			buildSettings = {
				ALWAYS_EMBED_SWIFT_STANDARD_LIBRARIES = YES;
				BUNDLE_LOADER = "$(TEST_HOST)";
				CODE_SIGN_STYLE = Automatic;
				CURRENT_PROJECT_VERSION = 1;
				DEVELOPMENT_TEAM = 48KPFRBBCK;
				GENERATE_INFOPLIST_FILE = YES;
				IPHONEOS_DEPLOYMENT_TARGET = 16.2;
				MARKETING_VERSION = 1.0;
				PRODUCT_BUNDLE_IDENTIFIER = "alexey-shimchuk.SecretSantaAppTests";
				PRODUCT_NAME = "$(TARGET_NAME)";
				SWIFT_EMIT_LOC_STRINGS = NO;
				SWIFT_VERSION = 5.0;
				TARGETED_DEVICE_FAMILY = "1,2";
				TEST_HOST = "$(BUILT_PRODUCTS_DIR)/SecretSantaApp.app/$(BUNDLE_EXECUTABLE_FOLDER_PATH)/SecretSantaApp";
			};
			name = Release;
		};
		6116E0BF2B34257600885AF2 /* Debug */ = {
			isa = XCBuildConfiguration;
			buildSettings = {
				ALWAYS_EMBED_SWIFT_STANDARD_LIBRARIES = YES;
				CODE_SIGN_STYLE = Automatic;
				CURRENT_PROJECT_VERSION = 1;
				DEVELOPMENT_TEAM = 48KPFRBBCK;
				GENERATE_INFOPLIST_FILE = YES;
				MARKETING_VERSION = 1.0;
				PRODUCT_BUNDLE_IDENTIFIER = "alexey-shimchuk.SecretSantaAppUITests";
				PRODUCT_NAME = "$(TARGET_NAME)";
				SWIFT_EMIT_LOC_STRINGS = NO;
				SWIFT_VERSION = 5.0;
				TARGETED_DEVICE_FAMILY = "1,2";
				TEST_TARGET_NAME = SecretSantaApp;
			};
			name = Debug;
		};
		6116E0C02B34257600885AF2 /* Release */ = {
			isa = XCBuildConfiguration;
			buildSettings = {
				ALWAYS_EMBED_SWIFT_STANDARD_LIBRARIES = YES;
				CODE_SIGN_STYLE = Automatic;
				CURRENT_PROJECT_VERSION = 1;
				DEVELOPMENT_TEAM = 48KPFRBBCK;
				GENERATE_INFOPLIST_FILE = YES;
				MARKETING_VERSION = 1.0;
				PRODUCT_BUNDLE_IDENTIFIER = "alexey-shimchuk.SecretSantaAppUITests";
				PRODUCT_NAME = "$(TARGET_NAME)";
				SWIFT_EMIT_LOC_STRINGS = NO;
				SWIFT_VERSION = 5.0;
				TARGETED_DEVICE_FAMILY = "1,2";
				TEST_TARGET_NAME = SecretSantaApp;
			};
			name = Release;
		};
/* End XCBuildConfiguration section */

/* Begin XCConfigurationList section */
		6116E08F2B34257400885AF2 /* Build configuration list for PBXProject "SecretSantaApp" */ = {
			isa = XCConfigurationList;
			buildConfigurations = (
				6116E0B62B34257600885AF2 /* Debug */,
				6116E0B72B34257600885AF2 /* Release */,
			);
			defaultConfigurationIsVisible = 0;
			defaultConfigurationName = Release;
		};
		6116E0B82B34257600885AF2 /* Build configuration list for PBXNativeTarget "SecretSantaApp" */ = {
			isa = XCConfigurationList;
			buildConfigurations = (
				6116E0B92B34257600885AF2 /* Debug */,
				6116E0BA2B34257600885AF2 /* Release */,
			);
			defaultConfigurationIsVisible = 0;
			defaultConfigurationName = Release;
		};
		6116E0BB2B34257600885AF2 /* Build configuration list for PBXNativeTarget "SecretSantaAppTests" */ = {
			isa = XCConfigurationList;
			buildConfigurations = (
				6116E0BC2B34257600885AF2 /* Debug */,
				6116E0BD2B34257600885AF2 /* Release */,
			);
			defaultConfigurationIsVisible = 0;
			defaultConfigurationName = Release;
		};
		6116E0BE2B34257600885AF2 /* Build configuration list for PBXNativeTarget "SecretSantaAppUITests" */ = {
			isa = XCConfigurationList;
			buildConfigurations = (
				6116E0BF2B34257600885AF2 /* Debug */,
				6116E0C02B34257600885AF2 /* Release */,
			);
			defaultConfigurationIsVisible = 0;
			defaultConfigurationName = Release;
		};
/* End XCConfigurationList section */
	};
	rootObject = 6116E08C2B34257400885AF2 /* Project object */;
}
